// !$*UTF8*$!
{
	archiveVersion = 1;
	classes = {
	};
	objectVersion = 77;
	objects = {

/* Begin PBXBuildFile section */
		A32A67B82F14E541001C55B7 /* NnModel.xcdatamodeld in Sources */ = {isa = PBXBuildFile; fileRef = A32A67B62F14E541001C55B7 /* NnModel.xcdatamodeld */; };
/* End PBXBuildFile section */

/* Begin PBXContainerItemProxy section */
		A32A65B32F0B8B05001C55B7 /* PBXContainerItemProxy */ = {
			isa = PBXContainerItemProxy;
			containerPortal = A32A659D2F0B8B04001C55B7 /* Project object */;
			proxyType = 1;
			remoteGlobalIDString = A32A65A42F0B8B04001C55B7;
			remoteInfo = nntodo01;
		};
		A32A65BD2F0B8B05001C55B7 /* PBXContainerItemProxy */ = {
			isa = PBXContainerItemProxy;
			containerPortal = A32A659D2F0B8B04001C55B7 /* Project object */;
			proxyType = 1;
			remoteGlobalIDString = A32A65A42F0B8B04001C55B7;
			remoteInfo = nntodo01;
		};
/* End PBXContainerItemProxy section */

/* Begin PBXFileReference section */
		A32A65A52F0B8B04001C55B7 /* nntodo01.app */ = {isa = PBXFileReference; explicitFileType = wrapper.application; includeInIndex = 0; path = nntodo01.app; sourceTree = BUILT_PRODUCTS_DIR; };
		A32A65B22F0B8B05001C55B7 /* nntodo01Tests.xctest */ = {isa = PBXFileReference; explicitFileType = wrapper.cfbundle; includeInIndex = 0; path = nntodo01Tests.xctest; sourceTree = BUILT_PRODUCTS_DIR; };
		A32A65BC2F0B8B05001C55B7 /* nntodo01UITests.xctest */ = {isa = PBXFileReference; explicitFileType = wrapper.cfbundle; includeInIndex = 0; path = nntodo01UITests.xctest; sourceTree = BUILT_PRODUCTS_DIR; };
		A32A67B72F14E541001C55B7 /* NnModel.xcdatamodel */ = {isa = PBXFileReference; lastKnownFileType = wrapper.xcdatamodel; path = NnModel.xcdatamodel; sourceTree = "<group>"; };
/* End PBXFileReference section */

/* Begin PBXFileSystemSynchronizedBuildFileExceptionSet section */
		A32A65DD2F0B9E54001C55B7 /* Exceptions for "nntodo01" folder in "nntodo01" target */ = {
			isa = PBXFileSystemSynchronizedBuildFileExceptionSet;
			membershipExceptions = (
				Info.plist,
			);
			target = A32A65A42F0B8B04001C55B7 /* nntodo01 */;
		};
/* End PBXFileSystemSynchronizedBuildFileExceptionSet section */

/* Begin PBXFileSystemSynchronizedRootGroup section */
		A32A65A72F0B8B04001C55B7 /* nntodo01 */ = {
			isa = PBXFileSystemSynchronizedRootGroup;
			exceptions = (
				A32A65DD2F0B9E54001C55B7 /* Exceptions for "nntodo01" folder in "nntodo01" target */,
			);
			path = nntodo01;
			sourceTree = "<group>";
		};
		A32A65B52F0B8B05001C55B7 /* nntodo01Tests */ = {
			isa = PBXFileSystemSynchronizedRootGroup;
			path = nntodo01Tests;
			sourceTree = "<group>";
		};
		A32A65BF2F0B8B05001C55B7 /* nntodo01UITests */ = {
			isa = PBXFileSystemSynchronizedRootGroup;
			path = nntodo01UITests;
			sourceTree = "<group>";
		};
/* End PBXFileSystemSynchronizedRootGroup section */

/* Begin PBXFrameworksBuildPhase section */
		A32A65A22F0B8B04001C55B7 /* Frameworks */ = {
			isa = PBXFrameworksBuildPhase;
			buildActionMask = 2147483647;
			files = (
			);
			runOnlyForDeploymentPostprocessing = 0;
		};
		A32A65AF2F0B8B05001C55B7 /* Frameworks */ = {
			isa = PBXFrameworksBuildPhase;
			buildActionMask = 2147483647;
			files = (
			);
			runOnlyForDeploymentPostprocessing = 0;
		};
		A32A65B92F0B8B05001C55B7 /* Frameworks */ = {
			isa = PBXFrameworksBuildPhase;
			buildActionMask = 2147483647;
			files = (
			);
			runOnlyForDeploymentPostprocessing = 0;
		};
/* End PBXFrameworksBuildPhase section */

/* Begin PBXGroup section */
		A32A659C2F0B8B04001C55B7 = {
			isa = PBXGroup;
			children = (
				A32A67B62F14E541001C55B7 /* NnModel.xcdatamodeld */,
				A32A65A72F0B8B04001C55B7 /* nntodo01 */,
				A32A65B52F0B8B05001C55B7 /* nntodo01Tests */,
				A32A65BF2F0B8B05001C55B7 /* nntodo01UITests */,
				A32A65A62F0B8B04001C55B7 /* Products */,
			);
			sourceTree = "<group>";
		};
		A32A65A62F0B8B04001C55B7 /* Products */ = {
			isa = PBXGroup;
			children = (
				A32A65A52F0B8B04001C55B7 /* nntodo01.app */,
				A32A65B22F0B8B05001C55B7 /* nntodo01Tests.xctest */,
				A32A65BC2F0B8B05001C55B7 /* nntodo01UITests.xctest */,
			);
			name = Products;
			sourceTree = "<group>";
		};
/* End PBXGroup section */

/* Begin PBXNativeTarget section */
		A32A65A42F0B8B04001C55B7 /* nntodo01 */ = {
			isa = PBXNativeTarget;
			buildConfigurationList = A32A65C62F0B8B05001C55B7 /* Build configuration list for PBXNativeTarget "nntodo01" */;
			buildPhases = (
				A32A65A12F0B8B04001C55B7 /* Sources */,
				A32A65A22F0B8B04001C55B7 /* Frameworks */,
				A32A65A32F0B8B04001C55B7 /* Resources */,
			);
			buildRules = (
			);
			dependencies = (
			);
			fileSystemSynchronizedGroups = (
				A32A65A72F0B8B04001C55B7 /* nntodo01 */,
			);
			name = nntodo01;
			packageProductDependencies = (
			);
			productName = nntodo01;
			productReference = A32A65A52F0B8B04001C55B7 /* nntodo01.app */;
			productType = "com.apple.product-type.application";
		};
		A32A65B12F0B8B05001C55B7 /* nntodo01Tests */ = {
			isa = PBXNativeTarget;
			buildConfigurationList = A32A65C92F0B8B05001C55B7 /* Build configuration list for PBXNativeTarget "nntodo01Tests" */;
			buildPhases = (
				A32A65AE2F0B8B05001C55B7 /* Sources */,
				A32A65AF2F0B8B05001C55B7 /* Frameworks */,
				A32A65B02F0B8B05001C55B7 /* Resources */,
			);
			buildRules = (
			);
			dependencies = (
				A32A65B42F0B8B05001C55B7 /* PBXTargetDependency */,
			);
			fileSystemSynchronizedGroups = (
				A32A65B52F0B8B05001C55B7 /* nntodo01Tests */,
			);
			name = nntodo01Tests;
			packageProductDependencies = (
			);
			productName = nntodo01Tests;
			productReference = A32A65B22F0B8B05001C55B7 /* nntodo01Tests.xctest */;
			productType = "com.apple.product-type.bundle.unit-test";
		};
		A32A65BB2F0B8B05001C55B7 /* nntodo01UITests */ = {
			isa = PBXNativeTarget;
			buildConfigurationList = A32A65CC2F0B8B05001C55B7 /* Build configuration list for PBXNativeTarget "nntodo01UITests" */;
			buildPhases = (
				A32A65B82F0B8B05001C55B7 /* Sources */,
				A32A65B92F0B8B05001C55B7 /* Frameworks */,
				A32A65BA2F0B8B05001C55B7 /* Resources */,
			);
			buildRules = (
			);
			dependencies = (
				A32A65BE2F0B8B05001C55B7 /* PBXTargetDependency */,
			);
			fileSystemSynchronizedGroups = (
				A32A65BF2F0B8B05001C55B7 /* nntodo01UITests */,
			);
			name = nntodo01UITests;
			packageProductDependencies = (
			);
			productName = nntodo01UITests;
			productReference = A32A65BC2F0B8B05001C55B7 /* nntodo01UITests.xctest */;
			productType = "com.apple.product-type.bundle.ui-testing";
		};
/* End PBXNativeTarget section */

/* Begin PBXProject section */
		A32A659D2F0B8B04001C55B7 /* Project object */ = {
			isa = PBXProject;
			attributes = {
				BuildIndependentTargetsInParallel = 1;
				LastSwiftUpdateCheck = 1640;
				LastUpgradeCheck = 1640;
				TargetAttributes = {
					A32A65A42F0B8B04001C55B7 = {
						CreatedOnToolsVersion = 16.4;
					};
					A32A65B12F0B8B05001C55B7 = {
						CreatedOnToolsVersion = 16.4;
						TestTargetID = A32A65A42F0B8B04001C55B7;
					};
					A32A65BB2F0B8B05001C55B7 = {
						CreatedOnToolsVersion = 16.4;
						TestTargetID = A32A65A42F0B8B04001C55B7;
					};
				};
			};
			buildConfigurationList = A32A65A02F0B8B04001C55B7 /* Build configuration list for PBXProject "nntodo01" */;
			developmentRegion = en;
			hasScannedForEncodings = 0;
			knownRegions = (
				en,
				Base,
			);
			mainGroup = A32A659C2F0B8B04001C55B7;
			minimizedProjectReferenceProxies = 1;
			preferredProjectObjectVersion = 77;
			productRefGroup = A32A65A62F0B8B04001C55B7 /* Products */;
			projectDirPath = "";
			projectRoot = "";
			targets = (
				A32A65A42F0B8B04001C55B7 /* nntodo01 */,
				A32A65B12F0B8B05001C55B7 /* nntodo01Tests */,
				A32A65BB2F0B8B05001C55B7 /* nntodo01UITests */,
			);
		};
/* End PBXProject section */

/* Begin PBXResourcesBuildPhase section */
		A32A65A32F0B8B04001C55B7 /* Resources */ = {
			isa = PBXResourcesBuildPhase;
			buildActionMask = 2147483647;
			files = (
			);
			runOnlyForDeploymentPostprocessing = 0;
		};
		A32A65B02F0B8B05001C55B7 /* Resources */ = {
			isa = PBXResourcesBuildPhase;
			buildActionMask = 2147483647;
			files = (
			);
			runOnlyForDeploymentPostprocessing = 0;
		};
		A32A65BA2F0B8B05001C55B7 /* Resources */ = {
			isa = PBXResourcesBuildPhase;
			buildActionMask = 2147483647;
			files = (
			);
			runOnlyForDeploymentPostprocessing = 0;
		};
/* End PBXResourcesBuildPhase section */

/* Begin PBXSourcesBuildPhase section */
		A32A65A12F0B8B04001C55B7 /* Sources */ = {
			isa = PBXSourcesBuildPhase;
			buildActionMask = 2147483647;
			files = (
				A32A67B82F14E541001C55B7 /* NnModel.xcdatamodeld in Sources */,
			);
			runOnlyForDeploymentPostprocessing = 0;
		};
		A32A65AE2F0B8B05001C55B7 /* Sources */ = {
			isa = PBXSourcesBuildPhase;
			buildActionMask = 2147483647;
			files = (
			);
			runOnlyForDeploymentPostprocessing = 0;
		};
		A32A65B82F0B8B05001C55B7 /* Sources */ = {
			isa = PBXSourcesBuildPhase;
			buildActionMask = 2147483647;
			files = (
			);
			runOnlyForDeploymentPostprocessing = 0;
		};
/* End PBXSourcesBuildPhase section */

/* Begin PBXTargetDependency section */
		A32A65B42F0B8B05001C55B7 /* PBXTargetDependency */ = {
			isa = PBXTargetDependency;
			target = A32A65A42F0B8B04001C55B7 /* nntodo01 */;
			targetProxy = A32A65B32F0B8B05001C55B7 /* PBXContainerItemProxy */;
		};
		A32A65BE2F0B8B05001C55B7 /* PBXTargetDependency */ = {
			isa = PBXTargetDependency;
			target = A32A65A42F0B8B04001C55B7 /* nntodo01 */;
			targetProxy = A32A65BD2F0B8B05001C55B7 /* PBXContainerItemProxy */;
		};
/* End PBXTargetDependency section */

/* Begin XCBuildConfiguration section */
		A32A65C42F0B8B05001C55B7 /* Debug */ = {
			isa = XCBuildConfiguration;
			buildSettings = {
				ALWAYS_SEARCH_USER_PATHS = NO;
				ASSETCATALOG_COMPILER_GENERATE_SWIFT_ASSET_SYMBOL_EXTENSIONS = YES;
				CLANG_ANALYZER_NONNULL = YES;
				CLANG_ANALYZER_NUMBER_OBJECT_CONVERSION = YES_AGGRESSIVE;
				CLANG_CXX_LANGUAGE_STANDARD = "gnu++20";
				CLANG_ENABLE_MODULES = YES;
				CLANG_ENABLE_OBJC_ARC = YES;
				CLANG_ENABLE_OBJC_WEAK = YES;
				CLANG_WARN_BLOCK_CAPTURE_AUTORELEASING = YES;
				CLANG_WARN_BOOL_CONVERSION = YES;
				CLANG_WARN_COMMA = YES;
				CLANG_WARN_CONSTANT_CONVERSION = YES;
				CLANG_WARN_DEPRECATED_OBJC_IMPLEMENTATIONS = YES;
				CLANG_WARN_DIRECT_OBJC_ISA_USAGE = YES_ERROR;
				CLANG_WARN_DOCUMENTATION_COMMENTS = YES;
				CLANG_WARN_EMPTY_BODY = YES;
				CLANG_WARN_ENUM_CONVERSION = YES;
				CLANG_WARN_INFINITE_RECURSION = YES;
				CLANG_WARN_INT_CONVERSION = YES;
				CLANG_WARN_NON_LITERAL_NULL_CONVERSION = YES;
				CLANG_WARN_OBJC_IMPLICIT_RETAIN_SELF = YES;
				CLANG_WARN_OBJC_LITERAL_CONVERSION = YES;
				CLANG_WARN_OBJC_ROOT_CLASS = YES_ERROR;
				CLANG_WARN_QUOTED_INCLUDE_IN_FRAMEWORK_HEADER = YES;
				CLANG_WARN_RANGE_LOOP_ANALYSIS = YES;
				CLANG_WARN_STRICT_PROTOTYPES = YES;
				CLANG_WARN_SUSPICIOUS_MOVE = YES;
				CLANG_WARN_UNGUARDED_AVAILABILITY = YES_AGGRESSIVE;
				CLANG_WARN_UNREACHABLE_CODE = YES;
				CLANG_WARN__DUPLICATE_METHOD_MATCH = YES;
				COPY_PHASE_STRIP = NO;
				DEBUG_INFORMATION_FORMAT = dwarf;
				DEVELOPMENT_TEAM = JS4NTJ5J64;
				ENABLE_STRICT_OBJC_MSGSEND = YES;
				ENABLE_TESTABILITY = YES;
				ENABLE_USER_SCRIPT_SANDBOXING = YES;
				GCC_C_LANGUAGE_STANDARD = gnu17;
				GCC_DYNAMIC_NO_PIC = NO;
				GCC_NO_COMMON_BLOCKS = YES;
				GCC_OPTIMIZATION_LEVEL = 0;
				GCC_PREPROCESSOR_DEFINITIONS = (
					"DEBUG=1",
					"$(inherited)",
				);
				GCC_WARN_64_TO_32_BIT_CONVERSION = YES;
				GCC_WARN_ABOUT_RETURN_TYPE = YES_ERROR;
				GCC_WARN_UNDECLARED_SELECTOR = YES;
				GCC_WARN_UNINITIALIZED_AUTOS = YES_AGGRESSIVE;
				GCC_WARN_UNUSED_FUNCTION = YES;
				GCC_WARN_UNUSED_VARIABLE = YES;
				IPHONEOS_DEPLOYMENT_TARGET = 18.5;
				LOCALIZATION_PREFERS_STRING_CATALOGS = YES;
				MTL_ENABLE_DEBUG_INFO = INCLUDE_SOURCE;
				MTL_FAST_MATH = YES;
				ONLY_ACTIVE_ARCH = YES;
				SDKROOT = iphoneos;
				SWIFT_ACTIVE_COMPILATION_CONDITIONS = "DEBUG $(inherited)";
				SWIFT_OPTIMIZATION_LEVEL = "-Onone";
			};
			name = Debug;
		};
		A32A65C52F0B8B05001C55B7 /* Release */ = {
			isa = XCBuildConfiguration;
			buildSettings = {
				ALWAYS_SEARCH_USER_PATHS = NO;
				ASSETCATALOG_COMPILER_GENERATE_SWIFT_ASSET_SYMBOL_EXTENSIONS = YES;
				CLANG_ANALYZER_NONNULL = YES;
				CLANG_ANALYZER_NUMBER_OBJECT_CONVERSION = YES_AGGRESSIVE;
				CLANG_CXX_LANGUAGE_STANDARD = "gnu++20";
				CLANG_ENABLE_MODULES = YES;
				CLANG_ENABLE_OBJC_ARC = YES;
				CLANG_ENABLE_OBJC_WEAK = YES;
				CLANG_WARN_BLOCK_CAPTURE_AUTORELEASING = YES;
				CLANG_WARN_BOOL_CONVERSION = YES;
				CLANG_WARN_COMMA = YES;
				CLANG_WARN_CONSTANT_CONVERSION = YES;
				CLANG_WARN_DEPRECATED_OBJC_IMPLEMENTATIONS = YES;
				CLANG_WARN_DIRECT_OBJC_ISA_USAGE = YES_ERROR;
				CLANG_WARN_DOCUMENTATION_COMMENTS = YES;
				CLANG_WARN_EMPTY_BODY = YES;
				CLANG_WARN_ENUM_CONVERSION = YES;
				CLANG_WARN_INFINITE_RECURSION = YES;
				CLANG_WARN_INT_CONVERSION = YES;
				CLANG_WARN_NON_LITERAL_NULL_CONVERSION = YES;
				CLANG_WARN_OBJC_IMPLICIT_RETAIN_SELF = YES;
				CLANG_WARN_OBJC_LITERAL_CONVERSION = YES;
				CLANG_WARN_OBJC_ROOT_CLASS = YES_ERROR;
				CLANG_WARN_QUOTED_INCLUDE_IN_FRAMEWORK_HEADER = YES;
				CLANG_WARN_RANGE_LOOP_ANALYSIS = YES;
				CLANG_WARN_STRICT_PROTOTYPES = YES;
				CLANG_WARN_SUSPICIOUS_MOVE = YES;
				CLANG_WARN_UNGUARDED_AVAILABILITY = YES_AGGRESSIVE;
				CLANG_WARN_UNREACHABLE_CODE = YES;
				CLANG_WARN__DUPLICATE_METHOD_MATCH = YES;
				COPY_PHASE_STRIP = NO;
				DEBUG_INFORMATION_FORMAT = "dwarf-with-dsym";
				DEVELOPMENT_TEAM = JS4NTJ5J64;
				ENABLE_NS_ASSERTIONS = NO;
				ENABLE_STRICT_OBJC_MSGSEND = YES;
				ENABLE_USER_SCRIPT_SANDBOXING = YES;
				GCC_C_LANGUAGE_STANDARD = gnu17;
				GCC_NO_COMMON_BLOCKS = YES;
				GCC_WARN_64_TO_32_BIT_CONVERSION = YES;
				GCC_WARN_ABOUT_RETURN_TYPE = YES_ERROR;
				GCC_WARN_UNDECLARED_SELECTOR = YES;
				GCC_WARN_UNINITIALIZED_AUTOS = YES_AGGRESSIVE;
				GCC_WARN_UNUSED_FUNCTION = YES;
				GCC_WARN_UNUSED_VARIABLE = YES;
				IPHONEOS_DEPLOYMENT_TARGET = 18.5;
				LOCALIZATION_PREFERS_STRING_CATALOGS = YES;
				MTL_ENABLE_DEBUG_INFO = NO;
				MTL_FAST_MATH = YES;
				SDKROOT = iphoneos;
				SWIFT_COMPILATION_MODE = wholemodule;
				VALIDATE_PRODUCT = YES;
			};
			name = Release;
		};
		A32A65C72F0B8B05001C55B7 /* Debug */ = {
			isa = XCBuildConfiguration;
			buildSettings = {
				ASSETCATALOG_COMPILER_APPICON_NAME = AppIcon;
				ASSETCATALOG_COMPILER_GLOBAL_ACCENT_COLOR_NAME = AccentColor;
				CODE_SIGN_STYLE = Automatic;
				CURRENT_PROJECT_VERSION = 1;
				DEVELOPMENT_TEAM = JS4NTJ5J64;
				ENABLE_PREVIEWS = YES;
				GENERATE_INFOPLIST_FILE = YES;
				INFOPLIST_FILE = nntodo01/Info.plist;
				INFOPLIST_KEY_UIApplicationSceneManifest_Generation = YES;
				INFOPLIST_KEY_UIApplicationSupportsIndirectInputEvents = YES;
				INFOPLIST_KEY_UILaunchScreen_Generation = YES;
				INFOPLIST_KEY_UISupportedInterfaceOrientations_iPad = "UIInterfaceOrientationPortrait UIInterfaceOrientationPortraitUpsideDown UIInterfaceOrientationLandscapeLeft UIInterfaceOrientationLandscapeRight";
				INFOPLIST_KEY_UISupportedInterfaceOrientations_iPhone = "UIInterfaceOrientationPortrait UIInterfaceOrientationLandscapeLeft UIInterfaceOrientationLandscapeRight";
				LD_RUNPATH_SEARCH_PATHS = (
					"$(inherited)",
					"@executable_path/Frameworks",
				);
				MARKETING_VERSION = 1.0;
				PRODUCT_BUNDLE_IDENTIFIER = private.gwan.nntodo01;
				PRODUCT_NAME = "$(TARGET_NAME)";
				SUPPORTED_PLATFORMS = "iphoneos iphonesimulator";
				SUPPORTS_MACCATALYST = NO;
				SUPPORTS_MAC_DESIGNED_FOR_IPHONE_IPAD = NO;
				SUPPORTS_XR_DESIGNED_FOR_IPHONE_IPAD = NO;
				SWIFT_EMIT_LOC_STRINGS = YES;
				SWIFT_VERSION = 5.0;
				TARGETED_DEVICE_FAMILY = 1;
			};
			name = Debug;
		};
		A32A65C82F0B8B05001C55B7 /* Release */ = {
			isa = XCBuildConfiguration;
			buildSettings = {
				ASSETCATALOG_COMPILER_APPICON_NAME = AppIcon;
				ASSETCATALOG_COMPILER_GLOBAL_ACCENT_COLOR_NAME = AccentColor;
				CODE_SIGN_STYLE = Automatic;
				CURRENT_PROJECT_VERSION = 1;
				DEVELOPMENT_TEAM = JS4NTJ5J64;
				ENABLE_PREVIEWS = YES;
				GENERATE_INFOPLIST_FILE = YES;
				INFOPLIST_FILE = nntodo01/Info.plist;
				INFOPLIST_KEY_UIApplicationSceneManifest_Generation = YES;
				INFOPLIST_KEY_UIApplicationSupportsIndirectInputEvents = YES;
				INFOPLIST_KEY_UILaunchScreen_Generation = YES;
				INFOPLIST_KEY_UISupportedInterfaceOrientations_iPad = "UIInterfaceOrientationPortrait UIInterfaceOrientationPortraitUpsideDown UIInterfaceOrientationLandscapeLeft UIInterfaceOrientationLandscapeRight";
				INFOPLIST_KEY_UISupportedInterfaceOrientations_iPhone = "UIInterfaceOrientationPortrait UIInterfaceOrientationLandscapeLeft UIInterfaceOrientationLandscapeRight";
				LD_RUNPATH_SEARCH_PATHS = (
					"$(inherited)",
					"@executable_path/Frameworks",
				);
				MARKETING_VERSION = 1.0;
				PRODUCT_BUNDLE_IDENTIFIER = private.gwan.nntodo01;
				PRODUCT_NAME = "$(TARGET_NAME)";
				SUPPORTED_PLATFORMS = "iphoneos iphonesimulator";
				SUPPORTS_MACCATALYST = NO;
				SUPPORTS_MAC_DESIGNED_FOR_IPHONE_IPAD = NO;
				SUPPORTS_XR_DESIGNED_FOR_IPHONE_IPAD = NO;
				SWIFT_EMIT_LOC_STRINGS = YES;
				SWIFT_VERSION = 5.0;
				TARGETED_DEVICE_FAMILY = 1;
			};
			name = Release;
		};
		A32A65CA2F0B8B05001C55B7 /* Debug */ = {
			isa = XCBuildConfiguration;
			buildSettings = {
				BUNDLE_LOADER = "$(TEST_HOST)";
				CODE_SIGN_STYLE = Automatic;
				CURRENT_PROJECT_VERSION = 1;
				DEVELOPMENT_TEAM = JS4NTJ5J64;
				GENERATE_INFOPLIST_FILE = YES;
				IPHONEOS_DEPLOYMENT_TARGET = 18.5;
				MARKETING_VERSION = 1.0;
				PRODUCT_BUNDLE_IDENTIFIER = private.gwan.nntodo01Tests;
				PRODUCT_NAME = "$(TARGET_NAME)";
				SWIFT_EMIT_LOC_STRINGS = NO;
				SWIFT_VERSION = 5.0;
				TARGETED_DEVICE_FAMILY = "1,2";
				TEST_HOST = "$(BUILT_PRODUCTS_DIR)/nntodo01.app/$(BUNDLE_EXECUTABLE_FOLDER_PATH)/nntodo01";
			};
			name = Debug;
		};
		A32A65CB2F0B8B05001C55B7 /* Release */ = {
			isa = XCBuildConfiguration;
			buildSettings = {
				BUNDLE_LOADER = "$(TEST_HOST)";
				CODE_SIGN_STYLE = Automatic;
				CURRENT_PROJECT_VERSION = 1;
				DEVELOPMENT_TEAM = JS4NTJ5J64;
				GENERATE_INFOPLIST_FILE = YES;
				IPHONEOS_DEPLOYMENT_TARGET = 18.5;
				MARKETING_VERSION = 1.0;
				PRODUCT_BUNDLE_IDENTIFIER = private.gwan.nntodo01Tests;
				PRODUCT_NAME = "$(TARGET_NAME)";
				SWIFT_EMIT_LOC_STRINGS = NO;
				SWIFT_VERSION = 5.0;
				TARGETED_DEVICE_FAMILY = "1,2";
				TEST_HOST = "$(BUILT_PRODUCTS_DIR)/nntodo01.app/$(BUNDLE_EXECUTABLE_FOLDER_PATH)/nntodo01";
			};
			name = Release;
		};
		A32A65CD2F0B8B05001C55B7 /* Debug */ = {
			isa = XCBuildConfiguration;
			buildSettings = {
				CODE_SIGN_STYLE = Automatic;
				CURRENT_PROJECT_VERSION = 1;
				DEVELOPMENT_TEAM = JS4NTJ5J64;
				GENERATE_INFOPLIST_FILE = YES;
				MARKETING_VERSION = 1.0;
				PRODUCT_BUNDLE_IDENTIFIER = private.gwan.nntodo01UITests;
				PRODUCT_NAME = "$(TARGET_NAME)";
				SWIFT_EMIT_LOC_STRINGS = NO;
				SWIFT_VERSION = 5.0;
				TARGETED_DEVICE_FAMILY = "1,2";
				TEST_TARGET_NAME = nntodo01;
			};
			name = Debug;
		};
		A32A65CE2F0B8B05001C55B7 /* Release */ = {
			isa = XCBuildConfiguration;
			buildSettings = {
				CODE_SIGN_STYLE = Automatic;
				CURRENT_PROJECT_VERSION = 1;
				DEVELOPMENT_TEAM = JS4NTJ5J64;
				GENERATE_INFOPLIST_FILE = YES;
				MARKETING_VERSION = 1.0;
				PRODUCT_BUNDLE_IDENTIFIER = private.gwan.nntodo01UITests;
				PRODUCT_NAME = "$(TARGET_NAME)";
				SWIFT_EMIT_LOC_STRINGS = NO;
				SWIFT_VERSION = 5.0;
				TARGETED_DEVICE_FAMILY = "1,2";
				TEST_TARGET_NAME = nntodo01;
			};
			name = Release;
		};
/* End XCBuildConfiguration section */

/* Begin XCConfigurationList section */
		A32A65A02F0B8B04001C55B7 /* Build configuration list for PBXProject "nntodo01" */ = {
			isa = XCConfigurationList;
			buildConfigurations = (
				A32A65C42F0B8B05001C55B7 /* Debug */,
				A32A65C52F0B8B05001C55B7 /* Release */,
			);
			defaultConfigurationIsVisible = 0;
			defaultConfigurationName = Release;
		};
		A32A65C62F0B8B05001C55B7 /* Build configuration list for PBXNativeTarget "nntodo01" */ = {
			isa = XCConfigurationList;
			buildConfigurations = (
				A32A65C72F0B8B05001C55B7 /* Debug */,
				A32A65C82F0B8B05001C55B7 /* Release */,
			);
			defaultConfigurationIsVisible = 0;
			defaultConfigurationName = Release;
		};
		A32A65C92F0B8B05001C55B7 /* Build configuration list for PBXNativeTarget "nntodo01Tests" */ = {
			isa = XCConfigurationList;
			buildConfigurations = (
				A32A65CA2F0B8B05001C55B7 /* Debug */,
				A32A65CB2F0B8B05001C55B7 /* Release */,
			);
			defaultConfigurationIsVisible = 0;
			defaultConfigurationName = Release;
		};
		A32A65CC2F0B8B05001C55B7 /* Build configuration list for PBXNativeTarget "nntodo01UITests" */ = {
			isa = XCConfigurationList;
			buildConfigurations = (
				A32A65CD2F0B8B05001C55B7 /* Debug */,
				A32A65CE2F0B8B05001C55B7 /* Release */,
			);
			defaultConfigurationIsVisible = 0;
			defaultConfigurationName = Release;
		};
/* End XCConfigurationList section */

/* Begin XCVersionGroup section */
		A32A67B62F14E541001C55B7 /* NnModel.xcdatamodeld */ = {
			isa = XCVersionGroup;
			children = (
				A32A67B72F14E541001C55B7 /* NnModel.xcdatamodel */,
			);
			currentVersion = A32A67B72F14E541001C55B7 /* NnModel.xcdatamodel */;
			path = NnModel.xcdatamodeld;
			sourceTree = "<group>";
			versionGroupType = wrapper.xcdatamodel;
		};
/* End XCVersionGroup section */
	};
	rootObject = A32A659D2F0B8B04001C55B7 /* Project object */;
}
